
Microsoft Visual Studio Solution File, Format Version 12.00
# Visual Studio Version 17
VisualStudioVersion = 17.5.002.0
MinimumVisualStudioVersion = 10.0.40219.1
Project("{9A19103F-16F7-4668-BE54-9A1E7A4F7556}") = "ChooseYourOwnAdventure", "ChooseYourOwnAdventure\ChooseYourOwnAdventure.csproj", "{5C5B7B09-771A-4B5C-AE53-261F3DBA1DA4}"
EndProject
Project("{9A19103F-16F7-4668-BE54-9A1E7A4F7556}") = "PasswordChecker", "PasswordChecker\PasswordChecker.csproj", "{A796B56F-E99C-4050-95E3-6AA23238CDFC}"
EndProject
Global
	GlobalSection(SolutionConfigurationPlatforms) = preSolution
		Debug|Any CPU = Debug|Any CPU
		Release|Any CPU = Release|Any CPU
	EndGlobalSection
	GlobalSection(ProjectConfigurationPlatforms) = postSolution
		{5C5B7B09-771A-4B5C-AE53-261F3DBA1DA4}.Debug|Any CPU.ActiveCfg = Debug|Any CPU
		{5C5B7B09-771A-4B5C-AE53-261F3DBA1DA4}.Debug|Any CPU.Build.0 = Debug|Any CPU
		{5C5B7B09-771A-4B5C-AE53-261F3DBA1DA4}.Release|Any CPU.ActiveCfg = Release|Any CPU
		{5C5B7B09-771A-4B5C-AE53-261F3DBA1DA4}.Release|Any CPU.Build.0 = Release|Any CPU
		{A796B56F-E99C-4050-95E3-6AA23238CDFC}.Debug|Any CPU.ActiveCfg = Debug|Any CPU
		{A796B56F-E99C-4050-95E3-6AA23238CDFC}.Debug|Any CPU.Build.0 = Debug|Any CPU
		{A796B56F-E99C-4050-95E3-6AA23238CDFC}.Release|Any CPU.ActiveCfg = Release|Any CPU
		{A796B56F-E99C-4050-95E3-6AA23238CDFC}.Release|Any CPU.Build.0 = Release|Any CPU
	EndGlobalSection
	GlobalSection(SolutionProperties) = preSolution
		HideSolutionNode = FALSE
	EndGlobalSection
	GlobalSection(ExtensibilityGlobals) = postSolution
		SolutionGuid = {8B5CE971-476A-4B10-AB63-3E0964450783}
	EndGlobalSection
EndGlobal
